// !$*UTF8*$!
{
	archiveVersion = 1;
	classes = {
	};
	objectVersion = 56;
	objects = {

/* Begin PBXBuildFile section */
		5791897A2C870E4C00052BB5 /* Assignment2App.swift in Sources */ = {isa = PBXBuildFile; fileRef = 579189792C870E4C00052BB5 /* Assignment2App.swift */; };
		5791897C2C870E4C00052BB5 /* ContentView.swift in Sources */ = {isa = PBXBuildFile; fileRef = 5791897B2C870E4C00052BB5 /* ContentView.swift */; };
		5791897E2C870E5200052BB5 /* Assets.xcassets in Resources */ = {isa = PBXBuildFile; fileRef = 5791897D2C870E5200052BB5 /* Assets.xcassets */; };
		579189812C870E5200052BB5 /* Preview Assets.xcassets in Resources */ = {isa = PBXBuildFile; fileRef = 579189802C870E5200052BB5 /* Preview Assets.xcassets */; };
		579189882C8712EC00052BB5 /* TaskList.swift in Sources */ = {isa = PBXBuildFile; fileRef = 579189872C8712EC00052BB5 /* TaskList.swift */; };
		5791898A2C8712FC00052BB5 /* Tasks.swift in Sources */ = {isa = PBXBuildFile; fileRef = 579189892C8712FC00052BB5 /* Tasks.swift */; };
		5791898D2C87136200052BB5 /* TaskListView.swift in Sources */ = {isa = PBXBuildFile; fileRef = 5791898C2C87136200052BB5 /* TaskListView.swift */; };
		5791898F2C87163C00052BB5 /* MainView.swift in Sources */ = {isa = PBXBuildFile; fileRef = 5791898E2C87163C00052BB5 /* MainView.swift */; };
		579B8EB72C9065AA007CB024 /* FSCalendar in Frameworks */ = {isa = PBXBuildFile; productRef = 579B8EB62C9065AA007CB024 /* FSCalendar */; };
		579B8EB92C9065EA007CB024 /* FSCalendarView.swift in Sources */ = {isa = PBXBuildFile; fileRef = 579B8EB82C9065EA007CB024 /* FSCalendarView.swift */; };
		57D48B972C87265C00942D20 /* Dog.swift in Sources */ = {isa = PBXBuildFile; fileRef = 57D48B962C87265C00942D20 /* Dog.swift */; };
		57D48B992C87269F00942D20 /* DogManager.swift in Sources */ = {isa = PBXBuildFile; fileRef = 57D48B982C87269F00942D20 /* DogManager.swift */; };
		57D48B9B2C8726B300942D20 /* DogInfoView.swift in Sources */ = {isa = PBXBuildFile; fileRef = 57D48B9A2C8726B300942D20 /* DogInfoView.swift */; };
		57D48B9D2C87324500942D20 /* DogView.swift in Sources */ = {isa = PBXBuildFile; fileRef = 57D48B9C2C87324500942D20 /* DogView.swift */; };
		57D48B9F2C87414E00942D20 /* AddTaskView.swift in Sources */ = {isa = PBXBuildFile; fileRef = 57D48B9E2C87414E00942D20 /* AddTaskView.swift */; };
		57D48BA12C875B3A00942D20 /* TaskRowView.swift in Sources */ = {isa = PBXBuildFile; fileRef = 57D48BA02C875B3A00942D20 /* TaskRowView.swift */; };
		B8C8F4CC2C8C724A00F9E8E0 /* WalkDetailView.swift in Sources */ = {isa = PBXBuildFile; fileRef = B8C8F4CB2C8C724A00F9E8E0 /* WalkDetailView.swift */; };
/* End PBXBuildFile section */

/* Begin PBXFileReference section */
		579189762C870E4C00052BB5 /* Assignment2.app */ = {isa = PBXFileReference; explicitFileType = wrapper.application; includeInIndex = 0; path = Assignment2.app; sourceTree = BUILT_PRODUCTS_DIR; };
		579189792C870E4C00052BB5 /* Assignment2App.swift */ = {isa = PBXFileReference; lastKnownFileType = sourcecode.swift; path = Assignment2App.swift; sourceTree = "<group>"; };
		5791897B2C870E4C00052BB5 /* ContentView.swift */ = {isa = PBXFileReference; lastKnownFileType = sourcecode.swift; path = ContentView.swift; sourceTree = "<group>"; };
		5791897D2C870E5200052BB5 /* Assets.xcassets */ = {isa = PBXFileReference; lastKnownFileType = folder.assetcatalog; path = Assets.xcassets; sourceTree = "<group>"; };
		579189802C870E5200052BB5 /* Preview Assets.xcassets */ = {isa = PBXFileReference; lastKnownFileType = folder.assetcatalog; path = "Preview Assets.xcassets"; sourceTree = "<group>"; };
		579189872C8712EC00052BB5 /* TaskList.swift */ = {isa = PBXFileReference; lastKnownFileType = sourcecode.swift; path = TaskList.swift; sourceTree = "<group>"; };
		579189892C8712FC00052BB5 /* Tasks.swift */ = {isa = PBXFileReference; lastKnownFileType = sourcecode.swift; path = Tasks.swift; sourceTree = "<group>"; };
		5791898C2C87136200052BB5 /* TaskListView.swift */ = {isa = PBXFileReference; lastKnownFileType = sourcecode.swift; path = TaskListView.swift; sourceTree = "<group>"; };
		5791898E2C87163C00052BB5 /* MainView.swift */ = {isa = PBXFileReference; lastKnownFileType = sourcecode.swift; path = MainView.swift; sourceTree = "<group>"; };
		579B8EB82C9065EA007CB024 /* FSCalendarView.swift */ = {isa = PBXFileReference; lastKnownFileType = sourcecode.swift; path = FSCalendarView.swift; sourceTree = "<group>"; };
		57D48B962C87265C00942D20 /* Dog.swift */ = {isa = PBXFileReference; lastKnownFileType = sourcecode.swift; path = Dog.swift; sourceTree = "<group>"; };
		57D48B982C87269F00942D20 /* DogManager.swift */ = {isa = PBXFileReference; lastKnownFileType = sourcecode.swift; path = DogManager.swift; sourceTree = "<group>"; };
		57D48B9A2C8726B300942D20 /* DogInfoView.swift */ = {isa = PBXFileReference; lastKnownFileType = sourcecode.swift; path = DogInfoView.swift; sourceTree = "<group>"; };
		57D48B9C2C87324500942D20 /* DogView.swift */ = {isa = PBXFileReference; lastKnownFileType = sourcecode.swift; path = DogView.swift; sourceTree = "<group>"; };
		57D48B9E2C87414E00942D20 /* AddTaskView.swift */ = {isa = PBXFileReference; lastKnownFileType = sourcecode.swift; path = AddTaskView.swift; sourceTree = "<group>"; };
		57D48BA02C875B3A00942D20 /* TaskRowView.swift */ = {isa = PBXFileReference; lastKnownFileType = sourcecode.swift; path = TaskRowView.swift; sourceTree = "<group>"; };
		B8C8F4CB2C8C724A00F9E8E0 /* WalkDetailView.swift */ = {isa = PBXFileReference; lastKnownFileType = sourcecode.swift; path = WalkDetailView.swift; sourceTree = "<group>"; };
/* End PBXFileReference section */

/* Begin PBXFrameworksBuildPhase section */
		579189732C870E4C00052BB5 /* Frameworks */ = {
			isa = PBXFrameworksBuildPhase;
			buildActionMask = 2147483647;
			files = (
				579B8EB72C9065AA007CB024 /* FSCalendar in Frameworks */,
			);
			runOnlyForDeploymentPostprocessing = 0;
		};
/* End PBXFrameworksBuildPhase section */

/* Begin PBXGroup section */
		5791896D2C870E4C00052BB5 = {
			isa = PBXGroup;
			children = (
				579189782C870E4C00052BB5 /* Assignment2 */,
				579189772C870E4C00052BB5 /* Products */,
			);
			sourceTree = "<group>";
		};
		579189772C870E4C00052BB5 /* Products */ = {
			isa = PBXGroup;
			children = (
				579189762C870E4C00052BB5 /* Assignment2.app */,
			);
			name = Products;
			sourceTree = "<group>";
		};
		579189782C870E4C00052BB5 /* Assignment2 */ = {
			isa = PBXGroup;
			children = (
				579189792C870E4C00052BB5 /* Assignment2App.swift */,
				5791897B2C870E4C00052BB5 /* ContentView.swift */,
				5791898E2C87163C00052BB5 /* MainView.swift */,
				57D48B952C87263900942D20 /* Dog */,
				5791898B2C87130C00052BB5 /* Tasks */,
				5791897D2C870E5200052BB5 /* Assets.xcassets */,
				5791897F2C870E5200052BB5 /* Preview Content */,
			);
			path = Assignment2;
			sourceTree = "<group>";
		};
		5791897F2C870E5200052BB5 /* Preview Content */ = {
			isa = PBXGroup;
			children = (
				579189802C870E5200052BB5 /* Preview Assets.xcassets */,
			);
			path = "Preview Content";
			sourceTree = "<group>";
		};
		5791898B2C87130C00052BB5 /* Tasks */ = {
			isa = PBXGroup;
			children = (
				579189892C8712FC00052BB5 /* Tasks.swift */,
				579189872C8712EC00052BB5 /* TaskList.swift */,
				5791898C2C87136200052BB5 /* TaskListView.swift */,
				57D48BA02C875B3A00942D20 /* TaskRowView.swift */,
				57D48B9E2C87414E00942D20 /* AddTaskView.swift */,
				B8C8F4CB2C8C724A00F9E8E0 /* WalkDetailView.swift */,
				579B8EB82C9065EA007CB024 /* FSCalendarView.swift */,
			);
			path = Tasks;
			sourceTree = "<group>";
		};
		57D48B952C87263900942D20 /* Dog */ = {
			isa = PBXGroup;
			children = (
				57D48B962C87265C00942D20 /* Dog.swift */,
				57D48B982C87269F00942D20 /* DogManager.swift */,
				57D48B9A2C8726B300942D20 /* DogInfoView.swift */,
				57D48B9C2C87324500942D20 /* DogView.swift */,
			);
			path = Dog;
			sourceTree = "<group>";
		};
/* End PBXGroup section */

/* Begin PBXNativeTarget section */
		579189752C870E4C00052BB5 /* Assignment2 */ = {
			isa = PBXNativeTarget;
			buildConfigurationList = 579189842C870E5200052BB5 /* Build configuration list for PBXNativeTarget "Assignment2" */;
			buildPhases = (
				579189722C870E4C00052BB5 /* Sources */,
				579189732C870E4C00052BB5 /* Frameworks */,
				579189742C870E4C00052BB5 /* Resources */,
			);
			buildRules = (
			);
			dependencies = (
			);
			name = Assignment2;
			packageProductDependencies = (
				579B8EB62C9065AA007CB024 /* FSCalendar */,
			);
			productName = Assignment2;
			productReference = 579189762C870E4C00052BB5 /* Assignment2.app */;
			productType = "com.apple.product-type.application";
		};
/* End PBXNativeTarget section */

/* Begin PBXProject section */
		5791896E2C870E4C00052BB5 /* Project object */ = {
			isa = PBXProject;
			attributes = {
				BuildIndependentTargetsInParallel = 1;
				LastSwiftUpdateCheck = 1420;
				LastUpgradeCheck = 1420;
				TargetAttributes = {
					579189752C870E4C00052BB5 = {
						CreatedOnToolsVersion = 14.2;
					};
				};
			};
			buildConfigurationList = 579189712C870E4C00052BB5 /* Build configuration list for PBXProject "Assignment2" */;
			compatibilityVersion = "Xcode 14.0";
			developmentRegion = en;
			hasScannedForEncodings = 0;
			knownRegions = (
				en,
				Base,
			);
			mainGroup = 5791896D2C870E4C00052BB5;
			packageReferences = (
				579B8EB52C9065AA007CB024 /* XCRemoteSwiftPackageReference "FSCalendar" */,
			);
			productRefGroup = 579189772C870E4C00052BB5 /* Products */;
			projectDirPath = "";
			projectRoot = "";
			targets = (
				579189752C870E4C00052BB5 /* Assignment2 */,
			);
		};
/* End PBXProject section */

/* Begin PBXResourcesBuildPhase section */
		579189742C870E4C00052BB5 /* Resources */ = {
			isa = PBXResourcesBuildPhase;
			buildActionMask = 2147483647;
			files = (
				579189812C870E5200052BB5 /* Preview Assets.xcassets in Resources */,
				5791897E2C870E5200052BB5 /* Assets.xcassets in Resources */,
			);
			runOnlyForDeploymentPostprocessing = 0;
		};
/* End PBXResourcesBuildPhase section */

/* Begin PBXSourcesBuildPhase section */
		579189722C870E4C00052BB5 /* Sources */ = {
			isa = PBXSourcesBuildPhase;
			buildActionMask = 2147483647;
			files = (
				57D48B9F2C87414E00942D20 /* AddTaskView.swift in Sources */,
				57D48B992C87269F00942D20 /* DogManager.swift in Sources */,
				57D48B9D2C87324500942D20 /* DogView.swift in Sources */,
				5791898A2C8712FC00052BB5 /* Tasks.swift in Sources */,
				57D48B972C87265C00942D20 /* Dog.swift in Sources */,
				579B8EB92C9065EA007CB024 /* FSCalendarView.swift in Sources */,
				5791898F2C87163C00052BB5 /* MainView.swift in Sources */,
				579189882C8712EC00052BB5 /* TaskList.swift in Sources */,
				5791898D2C87136200052BB5 /* TaskListView.swift in Sources */,
				5791897C2C870E4C00052BB5 /* ContentView.swift in Sources */,
				57D48B9B2C8726B300942D20 /* DogInfoView.swift in Sources */,
				57D48BA12C875B3A00942D20 /* TaskRowView.swift in Sources */,
				5791897A2C870E4C00052BB5 /* Assignment2App.swift in Sources */,
				B8C8F4CC2C8C724A00F9E8E0 /* WalkDetailView.swift in Sources */,
			);
			runOnlyForDeploymentPostprocessing = 0;
		};
/* End PBXSourcesBuildPhase section */

/* Begin XCBuildConfiguration section */
		579189822C870E5200052BB5 /* Debug */ = {
			isa = XCBuildConfiguration;
			buildSettings = {
				ALWAYS_SEARCH_USER_PATHS = NO;
				CLANG_ANALYZER_NONNULL = YES;
				CLANG_ANALYZER_NUMBER_OBJECT_CONVERSION = YES_AGGRESSIVE;
				CLANG_CXX_LANGUAGE_STANDARD = "gnu++20";
				CLANG_ENABLE_MODULES = YES;
				CLANG_ENABLE_OBJC_ARC = YES;
				CLANG_ENABLE_OBJC_WEAK = YES;
				CLANG_WARN_BLOCK_CAPTURE_AUTORELEASING = YES;
				CLANG_WARN_BOOL_CONVERSION = YES;
				CLANG_WARN_COMMA = YES;
				CLANG_WARN_CONSTANT_CONVERSION = YES;
				CLANG_WARN_DEPRECATED_OBJC_IMPLEMENTATIONS = YES;
				CLANG_WARN_DIRECT_OBJC_ISA_USAGE = YES_ERROR;
				CLANG_WARN_DOCUMENTATION_COMMENTS = YES;
				CLANG_WARN_EMPTY_BODY = YES;
				CLANG_WARN_ENUM_CONVERSION = YES;
				CLANG_WARN_INFINITE_RECURSION = YES;
				CLANG_WARN_INT_CONVERSION = YES;
				CLANG_WARN_NON_LITERAL_NULL_CONVERSION = YES;
				CLANG_WARN_OBJC_IMPLICIT_RETAIN_SELF = YES;
				CLANG_WARN_OBJC_LITERAL_CONVERSION = YES;
				CLANG_WARN_OBJC_ROOT_CLASS = YES_ERROR;
				CLANG_WARN_QUOTED_INCLUDE_IN_FRAMEWORK_HEADER = YES;
				CLANG_WARN_RANGE_LOOP_ANALYSIS = YES;
				CLANG_WARN_STRICT_PROTOTYPES = YES;
				CLANG_WARN_SUSPICIOUS_MOVE = YES;
				CLANG_WARN_UNGUARDED_AVAILABILITY = YES_AGGRESSIVE;
				CLANG_WARN_UNREACHABLE_CODE = YES;
				CLANG_WARN__DUPLICATE_METHOD_MATCH = YES;
				COPY_PHASE_STRIP = NO;
				DEBUG_INFORMATION_FORMAT = dwarf;
				ENABLE_STRICT_OBJC_MSGSEND = YES;
				ENABLE_TESTABILITY = YES;
				GCC_C_LANGUAGE_STANDARD = gnu11;
				GCC_DYNAMIC_NO_PIC = NO;
				GCC_NO_COMMON_BLOCKS = YES;
				GCC_OPTIMIZATION_LEVEL = 0;
				GCC_PREPROCESSOR_DEFINITIONS = (
					"DEBUG=1",
					"$(inherited)",
				);
				GCC_WARN_64_TO_32_BIT_CONVERSION = YES;
				GCC_WARN_ABOUT_RETURN_TYPE = YES_ERROR;
				GCC_WARN_UNDECLARED_SELECTOR = YES;
				GCC_WARN_UNINITIALIZED_AUTOS = YES_AGGRESSIVE;
				GCC_WARN_UNUSED_FUNCTION = YES;
				GCC_WARN_UNUSED_VARIABLE = YES;
				IPHONEOS_DEPLOYMENT_TARGET = 16.2;
				MTL_ENABLE_DEBUG_INFO = INCLUDE_SOURCE;
				MTL_FAST_MATH = YES;
				ONLY_ACTIVE_ARCH = YES;
				SDKROOT = iphoneos;
				SWIFT_ACTIVE_COMPILATION_CONDITIONS = DEBUG;
				SWIFT_OPTIMIZATION_LEVEL = "-Onone";
			};
			name = Debug;
		};
		579189832C870E5200052BB5 /* Release */ = {
			isa = XCBuildConfiguration;
			buildSettings = {
				ALWAYS_SEARCH_USER_PATHS = NO;
				CLANG_ANALYZER_NONNULL = YES;
				CLANG_ANALYZER_NUMBER_OBJECT_CONVERSION = YES_AGGRESSIVE;
				CLANG_CXX_LANGUAGE_STANDARD = "gnu++20";
				CLANG_ENABLE_MODULES = YES;
				CLANG_ENABLE_OBJC_ARC = YES;
				CLANG_ENABLE_OBJC_WEAK = YES;
				CLANG_WARN_BLOCK_CAPTURE_AUTORELEASING = YES;
				CLANG_WARN_BOOL_CONVERSION = YES;
				CLANG_WARN_COMMA = YES;
				CLANG_WARN_CONSTANT_CONVERSION = YES;
				CLANG_WARN_DEPRECATED_OBJC_IMPLEMENTATIONS = YES;
				CLANG_WARN_DIRECT_OBJC_ISA_USAGE = YES_ERROR;
				CLANG_WARN_DOCUMENTATION_COMMENTS = YES;
				CLANG_WARN_EMPTY_BODY = YES;
				CLANG_WARN_ENUM_CONVERSION = YES;
				CLANG_WARN_INFINITE_RECURSION = YES;
				CLANG_WARN_INT_CONVERSION = YES;
				CLANG_WARN_NON_LITERAL_NULL_CONVERSION = YES;
				CLANG_WARN_OBJC_IMPLICIT_RETAIN_SELF = YES;
				CLANG_WARN_OBJC_LITERAL_CONVERSION = YES;
				CLANG_WARN_OBJC_ROOT_CLASS = YES_ERROR;
				CLANG_WARN_QUOTED_INCLUDE_IN_FRAMEWORK_HEADER = YES;
				CLANG_WARN_RANGE_LOOP_ANALYSIS = YES;
				CLANG_WARN_STRICT_PROTOTYPES = YES;
				CLANG_WARN_SUSPICIOUS_MOVE = YES;
				CLANG_WARN_UNGUARDED_AVAILABILITY = YES_AGGRESSIVE;
				CLANG_WARN_UNREACHABLE_CODE = YES;
				CLANG_WARN__DUPLICATE_METHOD_MATCH = YES;
				COPY_PHASE_STRIP = NO;
				DEBUG_INFORMATION_FORMAT = "dwarf-with-dsym";
				ENABLE_NS_ASSERTIONS = NO;
				ENABLE_STRICT_OBJC_MSGSEND = YES;
				GCC_C_LANGUAGE_STANDARD = gnu11;
				GCC_NO_COMMON_BLOCKS = YES;
				GCC_WARN_64_TO_32_BIT_CONVERSION = YES;
				GCC_WARN_ABOUT_RETURN_TYPE = YES_ERROR;
				GCC_WARN_UNDECLARED_SELECTOR = YES;
				GCC_WARN_UNINITIALIZED_AUTOS = YES_AGGRESSIVE;
				GCC_WARN_UNUSED_FUNCTION = YES;
				GCC_WARN_UNUSED_VARIABLE = YES;
				IPHONEOS_DEPLOYMENT_TARGET = 16.2;
				MTL_ENABLE_DEBUG_INFO = NO;
				MTL_FAST_MATH = YES;
				SDKROOT = iphoneos;
				SWIFT_COMPILATION_MODE = wholemodule;
				SWIFT_OPTIMIZATION_LEVEL = "-O";
				VALIDATE_PRODUCT = YES;
			};
			name = Release;
		};
		579189852C870E5200052BB5 /* Debug */ = {
			isa = XCBuildConfiguration;
			buildSettings = {
				ASSETCATALOG_COMPILER_APPICON_NAME = AppIcon;
				ASSETCATALOG_COMPILER_GLOBAL_ACCENT_COLOR_NAME = AccentColor;
				CODE_SIGN_STYLE = Automatic;
				CURRENT_PROJECT_VERSION = 1;
				DEVELOPMENT_ASSET_PATHS = "\"Assignment2/Preview Content\"";
				ENABLE_PREVIEWS = YES;
				GENERATE_INFOPLIST_FILE = YES;
				INFOPLIST_KEY_UIApplicationSceneManifest_Generation = YES;
				INFOPLIST_KEY_UIApplicationSupportsIndirectInputEvents = YES;
				INFOPLIST_KEY_UILaunchScreen_Generation = YES;
				INFOPLIST_KEY_UISupportedInterfaceOrientations_iPad = "UIInterfaceOrientationPortrait UIInterfaceOrientationPortraitUpsideDown UIInterfaceOrientationLandscapeLeft UIInterfaceOrientationLandscapeRight";
				INFOPLIST_KEY_UISupportedInterfaceOrientations_iPhone = "UIInterfaceOrientationPortrait UIInterfaceOrientationLandscapeLeft UIInterfaceOrientationLandscapeRight";
				LD_RUNPATH_SEARCH_PATHS = (
					"$(inherited)",
					"@executable_path/Frameworks",
				);
				MARKETING_VERSION = 1.0;
				PRODUCT_BUNDLE_IDENTIFIER = uts.Assignment2;
				PRODUCT_NAME = "$(TARGET_NAME)";
				SWIFT_EMIT_LOC_STRINGS = YES;
				SWIFT_VERSION = 5.0;
				TARGETED_DEVICE_FAMILY = "1,2";
			};
			name = Debug;
		};
		579189862C870E5200052BB5 /* Release */ = {
			isa = XCBuildConfiguration;
			buildSettings = {
				ASSETCATALOG_COMPILER_APPICON_NAME = AppIcon;
				ASSETCATALOG_COMPILER_GLOBAL_ACCENT_COLOR_NAME = AccentColor;
				CODE_SIGN_STYLE = Automatic;
				CURRENT_PROJECT_VERSION = 1;
				DEVELOPMENT_ASSET_PATHS = "\"Assignment2/Preview Content\"";
				ENABLE_PREVIEWS = YES;
				GENERATE_INFOPLIST_FILE = YES;
				INFOPLIST_KEY_UIApplicationSceneManifest_Generation = YES;
				INFOPLIST_KEY_UIApplicationSupportsIndirectInputEvents = YES;
				INFOPLIST_KEY_UILaunchScreen_Generation = YES;
				INFOPLIST_KEY_UISupportedInterfaceOrientations_iPad = "UIInterfaceOrientationPortrait UIInterfaceOrientationPortraitUpsideDown UIInterfaceOrientationLandscapeLeft UIInterfaceOrientationLandscapeRight";
				INFOPLIST_KEY_UISupportedInterfaceOrientations_iPhone = "UIInterfaceOrientationPortrait UIInterfaceOrientationLandscapeLeft UIInterfaceOrientationLandscapeRight";
				LD_RUNPATH_SEARCH_PATHS = (
					"$(inherited)",
					"@executable_path/Frameworks",
				);
				MARKETING_VERSION = 1.0;
				PRODUCT_BUNDLE_IDENTIFIER = uts.Assignment2;
				PRODUCT_NAME = "$(TARGET_NAME)";
				SWIFT_EMIT_LOC_STRINGS = YES;
				SWIFT_VERSION = 5.0;
				TARGETED_DEVICE_FAMILY = "1,2";
			};
			name = Release;
		};
/* End XCBuildConfiguration section */

/* Begin XCConfigurationList section */
		579189712C870E4C00052BB5 /* Build configuration list for PBXProject "Assignment2" */ = {
			isa = XCConfigurationList;
			buildConfigurations = (
				579189822C870E5200052BB5 /* Debug */,
				579189832C870E5200052BB5 /* Release */,
			);
			defaultConfigurationIsVisible = 0;
			defaultConfigurationName = Release;
		};
		579189842C870E5200052BB5 /* Build configuration list for PBXNativeTarget "Assignment2" */ = {
			isa = XCConfigurationList;
			buildConfigurations = (
				579189852C870E5200052BB5 /* Debug */,
				579189862C870E5200052BB5 /* Release */,
			);
			defaultConfigurationIsVisible = 0;
			defaultConfigurationName = Release;
		};
/* End XCConfigurationList section */

/* Begin XCRemoteSwiftPackageReference section */
		579B8EB52C9065AA007CB024 /* XCRemoteSwiftPackageReference "FSCalendar" */ = {
			isa = XCRemoteSwiftPackageReference;
			repositoryURL = "https://github.com/WenchaoD/FSCalendar.git";
			requirement = {
				branch = master;
				kind = branch;
			};
		};
/* End XCRemoteSwiftPackageReference section */

/* Begin XCSwiftPackageProductDependency section */
		579B8EB62C9065AA007CB024 /* FSCalendar */ = {
			isa = XCSwiftPackageProductDependency;
			package = 579B8EB52C9065AA007CB024 /* XCRemoteSwiftPackageReference "FSCalendar" */;
			productName = FSCalendar;
		};
/* End XCSwiftPackageProductDependency section */
	};
	rootObject = 5791896E2C870E4C00052BB5 /* Project object */;
}
